
Microsoft Visual Studio Solution File, Format Version 12.00
# Visual Studio Version 17
VisualStudioVersion = 17.0.31903.59
MinimumVisualStudioVersion = 10.0.40219.1
Project("{FAE04EC0-301F-11D3-BF4B-00C04F79EFBC}") = "MoneyTransferWorker", "MoneyTransferWorker\MoneyTransferWorker.csproj", "{77CC1E9B-6CD4-49AE-A9DF-315AFC55EF0E}"
EndProject
Project("{FAE04EC0-301F-11D3-BF4B-00C04F79EFBC}") = "MoneyTransferClient", "MoneyTransferClient\MoneyTransferClient.csproj", "{990F8C6F-D9F7-4348-B8F7-5A9C1F20F23D}"
EndProject
Global
	GlobalSection(SolutionConfigurationPlatforms) = preSolution
		Debug|Any CPU = Debug|Any CPU
		Release|Any CPU = Release|Any CPU
	EndGlobalSection
	GlobalSection(SolutionProperties) = preSolution
		HideSolutionNode = FALSE
	EndGlobalSection
	GlobalSection(ProjectConfigurationPlatforms) = postSolution
		{77CC1E9B-6CD4-49AE-A9DF-315AFC55EF0E}.Debug|Any CPU.ActiveCfg = Debug|Any CPU
		{77CC1E9B-6CD4-49AE-A9DF-315AFC55EF0E}.Debug|Any CPU.Build.0 = Debug|Any CPU
		{77CC1E9B-6CD4-49AE-A9DF-315AFC55EF0E}.Release|Any CPU.ActiveCfg = Release|Any CPU
		{77CC1E9B-6CD4-49AE-A9DF-315AFC55EF0E}.Release|Any CPU.Build.0 = Release|Any CPU
		{990F8C6F-D9F7-4348-B8F7-5A9C1F20F23D}.Debug|Any CPU.ActiveCfg = Debug|Any CPU
		{990F8C6F-D9F7-4348-B8F7-5A9C1F20F23D}.Debug|Any CPU.Build.0 = Debug|Any CPU
		{990F8C6F-D9F7-4348-B8F7-5A9C1F20F23D}.Release|Any CPU.ActiveCfg = Release|Any CPU
		{990F8C6F-D9F7-4348-B8F7-5A9C1F20F23D}.Release|Any CPU.Build.0 = Release|Any CPU
	EndGlobalSection
EndGlobal
